// !$*UTF8*$!
{
	archiveVersion = 1;
	classes = {
	};
	objectVersion = 48;
	objects = {

/* Begin PBXBuildFile section */
		BEBB57C1214D924D002F777B /* AppDelegate.swift in Sources */ = {isa = PBXBuildFile; fileRef = BEBB57C0214D924D002F777B /* AppDelegate.swift */; };
		BEBB57C3214D924D002F777B /* ViewController.swift in Sources */ = {isa = PBXBuildFile; fileRef = BEBB57C2214D924D002F777B /* ViewController.swift */; };
		BEBB57C6214D924D002F777B /* Main.storyboard in Resources */ = {isa = PBXBuildFile; fileRef = BEBB57C4214D924D002F777B /* Main.storyboard */; };
		BEBB57C8214D924D002F777B /* Assets.xcassets in Resources */ = {isa = PBXBuildFile; fileRef = BEBB57C7214D924D002F777B /* Assets.xcassets */; };
		BEBB57CB214D924D002F777B /* LaunchScreen.storyboard in Resources */ = {isa = PBXBuildFile; fileRef = BEBB57C9214D924D002F777B /* LaunchScreen.storyboard */; };
		BEBB57D6214D924D002F777B /* HackMIT2018Tests.swift in Sources */ = {isa = PBXBuildFile; fileRef = BEBB57D5214D924D002F777B /* HackMIT2018Tests.swift */; };
		BEBB57E1214D924D002F777B /* HackMIT2018UITests.swift in Sources */ = {isa = PBXBuildFile; fileRef = BEBB57E0214D924D002F777B /* HackMIT2018UITests.swift */; };
/* End PBXBuildFile section */

/* Begin PBXContainerItemProxy section */
		BEBB57D2214D924D002F777B /* PBXContainerItemProxy */ = {
			isa = PBXContainerItemProxy;
			containerPortal = BEBB57B5214D924D002F777B /* Project object */;
			proxyType = 1;
			remoteGlobalIDString = BEBB57BC214D924D002F777B;
			remoteInfo = HackMIT2018;
		};
		BEBB57DD214D924D002F777B /* PBXContainerItemProxy */ = {
			isa = PBXContainerItemProxy;
			containerPortal = BEBB57B5214D924D002F777B /* Project object */;
			proxyType = 1;
			remoteGlobalIDString = BEBB57BC214D924D002F777B;
			remoteInfo = HackMIT2018;
		};
/* End PBXContainerItemProxy section */

/* Begin PBXFileReference section */
		BEBB57BD214D924D002F777B /* HackMIT2018.app */ = {isa = PBXFileReference; explicitFileType = wrapper.application; includeInIndex = 0; path = HackMIT2018.app; sourceTree = BUILT_PRODUCTS_DIR; };
		BEBB57C0214D924D002F777B /* AppDelegate.swift */ = {isa = PBXFileReference; lastKnownFileType = sourcecode.swift; path = AppDelegate.swift; sourceTree = "<group>"; };
		BEBB57C2214D924D002F777B /* ViewController.swift */ = {isa = PBXFileReference; lastKnownFileType = sourcecode.swift; path = ViewController.swift; sourceTree = "<group>"; };
		BEBB57C5214D924D002F777B /* Base */ = {isa = PBXFileReference; lastKnownFileType = file.storyboard; name = Base; path = Base.lproj/Main.storyboard; sourceTree = "<group>"; };
		BEBB57C7214D924D002F777B /* Assets.xcassets */ = {isa = PBXFileReference; lastKnownFileType = folder.assetcatalog; path = Assets.xcassets; sourceTree = "<group>"; };
		BEBB57CA214D924D002F777B /* Base */ = {isa = PBXFileReference; lastKnownFileType = file.storyboard; name = Base; path = Base.lproj/LaunchScreen.storyboard; sourceTree = "<group>"; };
		BEBB57CC214D924D002F777B /* Info.plist */ = {isa = PBXFileReference; lastKnownFileType = text.plist.xml; path = Info.plist; sourceTree = "<group>"; };
		BEBB57D1214D924D002F777B /* HackMIT2018Tests.xctest */ = {isa = PBXFileReference; explicitFileType = wrapper.cfbundle; includeInIndex = 0; path = HackMIT2018Tests.xctest; sourceTree = BUILT_PRODUCTS_DIR; };
		BEBB57D5214D924D002F777B /* HackMIT2018Tests.swift */ = {isa = PBXFileReference; lastKnownFileType = sourcecode.swift; path = HackMIT2018Tests.swift; sourceTree = "<group>"; };
		BEBB57D7214D924D002F777B /* Info.plist */ = {isa = PBXFileReference; lastKnownFileType = text.plist.xml; path = Info.plist; sourceTree = "<group>"; };
		BEBB57DC214D924D002F777B /* HackMIT2018UITests.xctest */ = {isa = PBXFileReference; explicitFileType = wrapper.cfbundle; includeInIndex = 0; path = HackMIT2018UITests.xctest; sourceTree = BUILT_PRODUCTS_DIR; };
		BEBB57E0214D924D002F777B /* HackMIT2018UITests.swift */ = {isa = PBXFileReference; lastKnownFileType = sourcecode.swift; path = HackMIT2018UITests.swift; sourceTree = "<group>"; };
		BEBB57E2214D924D002F777B /* Info.plist */ = {isa = PBXFileReference; lastKnownFileType = text.plist.xml; path = Info.plist; sourceTree = "<group>"; };
/* End PBXFileReference section */

/* Begin PBXFrameworksBuildPhase section */
		BEBB57BA214D924D002F777B /* Frameworks */ = {
			isa = PBXFrameworksBuildPhase;
			buildActionMask = 2147483647;
			files = (
			);
			runOnlyForDeploymentPostprocessing = 0;
		};
		BEBB57CE214D924D002F777B /* Frameworks */ = {
			isa = PBXFrameworksBuildPhase;
			buildActionMask = 2147483647;
			files = (
			);
			runOnlyForDeploymentPostprocessing = 0;
		};
		BEBB57D9214D924D002F777B /* Frameworks */ = {
			isa = PBXFrameworksBuildPhase;
			buildActionMask = 2147483647;
			files = (
			);
			runOnlyForDeploymentPostprocessing = 0;
		};
/* End PBXFrameworksBuildPhase section */

/* Begin PBXGroup section */
		BEBB57B4214D924D002F777B = {
			isa = PBXGroup;
			children = (
				BEBB57BF214D924D002F777B /* HackMIT2018 */,
				BEBB57D4214D924D002F777B /* HackMIT2018Tests */,
				BEBB57DF214D924D002F777B /* HackMIT2018UITests */,
				BEBB57BE214D924D002F777B /* Products */,
			);
			sourceTree = "<group>";
		};
		BEBB57BE214D924D002F777B /* Products */ = {
			isa = PBXGroup;
			children = (
				BEBB57BD214D924D002F777B /* HackMIT2018.app */,
				BEBB57D1214D924D002F777B /* HackMIT2018Tests.xctest */,
				BEBB57DC214D924D002F777B /* HackMIT2018UITests.xctest */,
			);
			name = Products;
			sourceTree = "<group>";
		};
		BEBB57BF214D924D002F777B /* HackMIT2018 */ = {
			isa = PBXGroup;
			children = (
				BEBB57C0214D924D002F777B /* AppDelegate.swift */,
				BEBB57C2214D924D002F777B /* ViewController.swift */,
				BEBB57C4214D924D002F777B /* Main.storyboard */,
				BEBB57C7214D924D002F777B /* Assets.xcassets */,
				BEBB57C9214D924D002F777B /* LaunchScreen.storyboard */,
				BEBB57CC214D924D002F777B /* Info.plist */,
			);
			path = HackMIT2018;
			sourceTree = "<group>";
		};
		BEBB57D4214D924D002F777B /* HackMIT2018Tests */ = {
			isa = PBXGroup;
			children = (
				BEBB57D5214D924D002F777B /* HackMIT2018Tests.swift */,
				BEBB57D7214D924D002F777B /* Info.plist */,
			);
			path = HackMIT2018Tests;
			sourceTree = "<group>";
		};
		BEBB57DF214D924D002F777B /* HackMIT2018UITests */ = {
			isa = PBXGroup;
			children = (
				BEBB57E0214D924D002F777B /* HackMIT2018UITests.swift */,
				BEBB57E2214D924D002F777B /* Info.plist */,
			);
			path = HackMIT2018UITests;
			sourceTree = "<group>";
		};
/* End PBXGroup section */

/* Begin PBXNativeTarget section */
		BEBB57BC214D924D002F777B /* HackMIT2018 */ = {
			isa = PBXNativeTarget;
			buildConfigurationList = BEBB57E5214D924D002F777B /* Build configuration list for PBXNativeTarget "HackMIT2018" */;
			buildPhases = (
				BEBB57B9214D924D002F777B /* Sources */,
				BEBB57BA214D924D002F777B /* Frameworks */,
				BEBB57BB214D924D002F777B /* Resources */,
			);
			buildRules = (
			);
			dependencies = (
			);
			name = HackMIT2018;
			productName = HackMIT2018;
			productReference = BEBB57BD214D924D002F777B /* HackMIT2018.app */;
			productType = "com.apple.product-type.application";
		};
		BEBB57D0214D924D002F777B /* HackMIT2018Tests */ = {
			isa = PBXNativeTarget;
			buildConfigurationList = BEBB57E8214D924D002F777B /* Build configuration list for PBXNativeTarget "HackMIT2018Tests" */;
			buildPhases = (
				BEBB57CD214D924D002F777B /* Sources */,
				BEBB57CE214D924D002F777B /* Frameworks */,
				BEBB57CF214D924D002F777B /* Resources */,
			);
			buildRules = (
			);
			dependencies = (
				BEBB57D3214D924D002F777B /* PBXTargetDependency */,
			);
			name = HackMIT2018Tests;
			productName = HackMIT2018Tests;
			productReference = BEBB57D1214D924D002F777B /* HackMIT2018Tests.xctest */;
			productType = "com.apple.product-type.bundle.unit-test";
		};
		BEBB57DB214D924D002F777B /* HackMIT2018UITests */ = {
			isa = PBXNativeTarget;
			buildConfigurationList = BEBB57EB214D924D002F777B /* Build configuration list for PBXNativeTarget "HackMIT2018UITests" */;
			buildPhases = (
				BEBB57D8214D924D002F777B /* Sources */,
				BEBB57D9214D924D002F777B /* Frameworks */,
				BEBB57DA214D924D002F777B /* Resources */,
			);
			buildRules = (
			);
			dependencies = (
				BEBB57DE214D924D002F777B /* PBXTargetDependency */,
			);
			name = HackMIT2018UITests;
			productName = HackMIT2018UITests;
			productReference = BEBB57DC214D924D002F777B /* HackMIT2018UITests.xctest */;
			productType = "com.apple.product-type.bundle.ui-testing";
		};
/* End PBXNativeTarget section */

/* Begin PBXProject section */
		BEBB57B5214D924D002F777B /* Project object */ = {
			isa = PBXProject;
			attributes = {
				LastSwiftUpdateCheck = 0920;
				LastUpgradeCheck = 0920;
				ORGANIZATIONNAME = "Adrian Meza";
				TargetAttributes = {
					BEBB57BC214D924D002F777B = {
						CreatedOnToolsVersion = 9.2;
						ProvisioningStyle = Automatic;
					};
					BEBB57D0214D924D002F777B = {
						CreatedOnToolsVersion = 9.2;
						ProvisioningStyle = Automatic;
						TestTargetID = BEBB57BC214D924D002F777B;
					};
					BEBB57DB214D924D002F777B = {
						CreatedOnToolsVersion = 9.2;
						ProvisioningStyle = Automatic;
						TestTargetID = BEBB57BC214D924D002F777B;
					};
				};
			};
			buildConfigurationList = BEBB57B8214D924D002F777B /* Build configuration list for PBXProject "HackMIT2018" */;
			compatibilityVersion = "Xcode 8.0";
			developmentRegion = en;
			hasScannedForEncodings = 0;
			knownRegions = (
				en,
				Base,
			);
			mainGroup = BEBB57B4214D924D002F777B;
			productRefGroup = BEBB57BE214D924D002F777B /* Products */;
			projectDirPath = "";
			projectRoot = "";
			targets = (
				BEBB57BC214D924D002F777B /* HackMIT2018 */,
				BEBB57D0214D924D002F777B /* HackMIT2018Tests */,
				BEBB57DB214D924D002F777B /* HackMIT2018UITests */,
			);
		};
/* End PBXProject section */

/* Begin PBXResourcesBuildPhase section */
		BEBB57BB214D924D002F777B /* Resources */ = {
			isa = PBXResourcesBuildPhase;
			buildActionMask = 2147483647;
			files = (
				BEBB57CB214D924D002F777B /* LaunchScreen.storyboard in Resources */,
				BEBB57C8214D924D002F777B /* Assets.xcassets in Resources */,
				BEBB57C6214D924D002F777B /* Main.storyboard in Resources */,
			);
			runOnlyForDeploymentPostprocessing = 0;
		};
		BEBB57CF214D924D002F777B /* Resources */ = {
			isa = PBXResourcesBuildPhase;
			buildActionMask = 2147483647;
			files = (
			);
			runOnlyForDeploymentPostprocessing = 0;
		};
		BEBB57DA214D924D002F777B /* Resources */ = {
			isa = PBXResourcesBuildPhase;
			buildActionMask = 2147483647;
			files = (
			);
			runOnlyForDeploymentPostprocessing = 0;
		};
/* End PBXResourcesBuildPhase section */

/* Begin PBXSourcesBuildPhase section */
		BEBB57B9214D924D002F777B /* Sources */ = {
			isa = PBXSourcesBuildPhase;
			buildActionMask = 2147483647;
			files = (
				BEBB57C3214D924D002F777B /* ViewController.swift in Sources */,
				BEBB57C1214D924D002F777B /* AppDelegate.swift in Sources */,
			);
			runOnlyForDeploymentPostprocessing = 0;
		};
		BEBB57CD214D924D002F777B /* Sources */ = {
			isa = PBXSourcesBuildPhase;
			buildActionMask = 2147483647;
			files = (
				BEBB57D6214D924D002F777B /* HackMIT2018Tests.swift in Sources */,
			);
			runOnlyForDeploymentPostprocessing = 0;
		};
		BEBB57D8214D924D002F777B /* Sources */ = {
			isa = PBXSourcesBuildPhase;
			buildActionMask = 2147483647;
			files = (
				BEBB57E1214D924D002F777B /* HackMIT2018UITests.swift in Sources */,
			);
			runOnlyForDeploymentPostprocessing = 0;
		};
/* End PBXSourcesBuildPhase section */

/* Begin PBXTargetDependency section */
		BEBB57D3214D924D002F777B /* PBXTargetDependency */ = {
			isa = PBXTargetDependency;
			target = BEBB57BC214D924D002F777B /* HackMIT2018 */;
			targetProxy = BEBB57D2214D924D002F777B /* PBXContainerItemProxy */;
		};
		BEBB57DE214D924D002F777B /* PBXTargetDependency */ = {
			isa = PBXTargetDependency;
			target = BEBB57BC214D924D002F777B /* HackMIT2018 */;
			targetProxy = BEBB57DD214D924D002F777B /* PBXContainerItemProxy */;
		};
/* End PBXTargetDependency section */

/* Begin PBXVariantGroup section */
		BEBB57C4214D924D002F777B /* Main.storyboard */ = {
			isa = PBXVariantGroup;
			children = (
				BEBB57C5214D924D002F777B /* Base */,
			);
			name = Main.storyboard;
			sourceTree = "<group>";
		};
		BEBB57C9214D924D002F777B /* LaunchScreen.storyboard */ = {
			isa = PBXVariantGroup;
			children = (
				BEBB57CA214D924D002F777B /* Base */,
			);
			name = LaunchScreen.storyboard;
			sourceTree = "<group>";
		};
/* End PBXVariantGroup section */

/* Begin XCBuildConfiguration section */
		BEBB57E3214D924D002F777B /* Debug */ = {
			isa = XCBuildConfiguration;
			buildSettings = {
				ALWAYS_SEARCH_USER_PATHS = NO;
				CLANG_ANALYZER_NONNULL = YES;
				CLANG_ANALYZER_NUMBER_OBJECT_CONVERSION = YES_AGGRESSIVE;
				CLANG_CXX_LANGUAGE_STANDARD = "gnu++14";
				CLANG_CXX_LIBRARY = "libc++";
				CLANG_ENABLE_MODULES = YES;
				CLANG_ENABLE_OBJC_ARC = YES;
				CLANG_WARN_BLOCK_CAPTURE_AUTORELEASING = YES;
				CLANG_WARN_BOOL_CONVERSION = YES;
				CLANG_WARN_COMMA = YES;
				CLANG_WARN_CONSTANT_CONVERSION = YES;
				CLANG_WARN_DIRECT_OBJC_ISA_USAGE = YES_ERROR;
				CLANG_WARN_DOCUMENTATION_COMMENTS = YES;
				CLANG_WARN_EMPTY_BODY = YES;
				CLANG_WARN_ENUM_CONVERSION = YES;
				CLANG_WARN_INFINITE_RECURSION = YES;
				CLANG_WARN_INT_CONVERSION = YES;
				CLANG_WARN_NON_LITERAL_NULL_CONVERSION = YES;
				CLANG_WARN_OBJC_LITERAL_CONVERSION = YES;
				CLANG_WARN_OBJC_ROOT_CLASS = YES_ERROR;
				CLANG_WARN_RANGE_LOOP_ANALYSIS = YES;
				CLANG_WARN_STRICT_PROTOTYPES = YES;
				CLANG_WARN_SUSPICIOUS_MOVE = YES;
				CLANG_WARN_UNGUARDED_AVAILABILITY = YES_AGGRESSIVE;
				CLANG_WARN_UNREACHABLE_CODE = YES;
				CLANG_WARN__DUPLICATE_METHOD_MATCH = YES;
				CODE_SIGN_IDENTITY = "iPhone Developer";
				COPY_PHASE_STRIP = NO;
				DEBUG_INFORMATION_FORMAT = dwarf;
				ENABLE_STRICT_OBJC_MSGSEND = YES;
				ENABLE_TESTABILITY = YES;
				GCC_C_LANGUAGE_STANDARD = gnu11;
				GCC_DYNAMIC_NO_PIC = NO;
				GCC_NO_COMMON_BLOCKS = YES;
				GCC_OPTIMIZATION_LEVEL = 0;
				GCC_PREPROCESSOR_DEFINITIONS = (
					"DEBUG=1",
					"$(inherited)",
				);
				GCC_WARN_64_TO_32_BIT_CONVERSION = YES;
				GCC_WARN_ABOUT_RETURN_TYPE = YES_ERROR;
				GCC_WARN_UNDECLARED_SELECTOR = YES;
				GCC_WARN_UNINITIALIZED_AUTOS = YES_AGGRESSIVE;
				GCC_WARN_UNUSED_FUNCTION = YES;
				GCC_WARN_UNUSED_VARIABLE = YES;
				IPHONEOS_DEPLOYMENT_TARGET = 11.2;
				MTL_ENABLE_DEBUG_INFO = YES;
				ONLY_ACTIVE_ARCH = YES;
				SDKROOT = iphoneos;
				SWIFT_ACTIVE_COMPILATION_CONDITIONS = DEBUG;
				SWIFT_OPTIMIZATION_LEVEL = "-Onone";
			};
			name = Debug;
		};
		BEBB57E4214D924D002F777B /* Release */ = {
			isa = XCBuildConfiguration;
			buildSettings = {
				ALWAYS_SEARCH_USER_PATHS = NO;
				CLANG_ANALYZER_NONNULL = YES;
				CLANG_ANALYZER_NUMBER_OBJECT_CONVERSION = YES_AGGRESSIVE;
				CLANG_CXX_LANGUAGE_STANDARD = "gnu++14";
				CLANG_CXX_LIBRARY = "libc++";
				CLANG_ENABLE_MODULES = YES;
				CLANG_ENABLE_OBJC_ARC = YES;
				CLANG_WARN_BLOCK_CAPTURE_AUTORELEASING = YES;
				CLANG_WARN_BOOL_CONVERSION = YES;
				CLANG_WARN_COMMA = YES;
				CLANG_WARN_CONSTANT_CONVERSION = YES;
				CLANG_WARN_DIRECT_OBJC_ISA_USAGE = YES_ERROR;
				CLANG_WARN_DOCUMENTATION_COMMENTS = YES;
				CLANG_WARN_EMPTY_BODY = YES;
				CLANG_WARN_ENUM_CONVERSION = YES;
				CLANG_WARN_INFINITE_RECURSION = YES;
				CLANG_WARN_INT_CONVERSION = YES;
				CLANG_WARN_NON_LITERAL_NULL_CONVERSION = YES;
				CLANG_WARN_OBJC_LITERAL_CONVERSION = YES;
				CLANG_WARN_OBJC_ROOT_CLASS = YES_ERROR;
				CLANG_WARN_RANGE_LOOP_ANALYSIS = YES;
				CLANG_WARN_STRICT_PROTOTYPES = YES;
				CLANG_WARN_SUSPICIOUS_MOVE = YES;
				CLANG_WARN_UNGUARDED_AVAILABILITY = YES_AGGRESSIVE;
				CLANG_WARN_UNREACHABLE_CODE = YES;
				CLANG_WARN__DUPLICATE_METHOD_MATCH = YES;
				CODE_SIGN_IDENTITY = "iPhone Developer";
				COPY_PHASE_STRIP = NO;
				DEBUG_INFORMATION_FORMAT = "dwarf-with-dsym";
				ENABLE_NS_ASSERTIONS = NO;
				ENABLE_STRICT_OBJC_MSGSEND = YES;
				GCC_C_LANGUAGE_STANDARD = gnu11;
				GCC_NO_COMMON_BLOCKS = YES;
				GCC_WARN_64_TO_32_BIT_CONVERSION = YES;
				GCC_WARN_ABOUT_RETURN_TYPE = YES_ERROR;
				GCC_WARN_UNDECLARED_SELECTOR = YES;
				GCC_WARN_UNINITIALIZED_AUTOS = YES_AGGRESSIVE;
				GCC_WARN_UNUSED_FUNCTION = YES;
				GCC_WARN_UNUSED_VARIABLE = YES;
				IPHONEOS_DEPLOYMENT_TARGET = 11.2;
				MTL_ENABLE_DEBUG_INFO = NO;
				SDKROOT = iphoneos;
				SWIFT_OPTIMIZATION_LEVEL = "-Owholemodule";
				VALIDATE_PRODUCT = YES;
			};
			name = Release;
		};
		BEBB57E6214D924D002F777B /* Debug */ = {
			isa = XCBuildConfiguration;
			buildSettings = {
				ASSETCATALOG_COMPILER_APPICON_NAME = AppIcon;
				CODE_SIGN_STYLE = Automatic;
				INFOPLIST_FILE = HackMIT2018/Info.plist;
				LD_RUNPATH_SEARCH_PATHS = "$(inherited) @executable_path/Frameworks";
				PRODUCT_BUNDLE_IDENTIFIER = MIT.HackMIT2018;
				PRODUCT_NAME = "$(TARGET_NAME)";
				SWIFT_VERSION = 4.0;
				TARGETED_DEVICE_FAMILY = "1,2";
			};
			name = Debug;
		};
		BEBB57E7214D924D002F777B /* Release */ = {
			isa = XCBuildConfiguration;
			buildSettings = {
				ASSETCATALOG_COMPILER_APPICON_NAME = AppIcon;
				CODE_SIGN_STYLE = Automatic;
				INFOPLIST_FILE = HackMIT2018/Info.plist;
				LD_RUNPATH_SEARCH_PATHS = "$(inherited) @executable_path/Frameworks";
				PRODUCT_BUNDLE_IDENTIFIER = MIT.HackMIT2018;
				PRODUCT_NAME = "$(TARGET_NAME)";
				SWIFT_VERSION = 4.0;
				TARGETED_DEVICE_FAMILY = "1,2";
			};
			name = Release;
		};
		BEBB57E9214D924D002F777B /* Debug */ = {
			isa = XCBuildConfiguration;
			buildSettings = {
				ALWAYS_EMBED_SWIFT_STANDARD_LIBRARIES = YES;
				BUNDLE_LOADER = "$(TEST_HOST)";
				CODE_SIGN_STYLE = Automatic;
				INFOPLIST_FILE = HackMIT2018Tests/Info.plist;
				LD_RUNPATH_SEARCH_PATHS = "$(inherited) @executable_path/Frameworks @loader_path/Frameworks";
				PRODUCT_BUNDLE_IDENTIFIER = MIT.HackMIT2018Tests;
				PRODUCT_NAME = "$(TARGET_NAME)";
				SWIFT_VERSION = 4.0;
				TARGETED_DEVICE_FAMILY = "1,2";
				TEST_HOST = "$(BUILT_PRODUCTS_DIR)/HackMIT2018.app/HackMIT2018";
			};
			name = Debug;
		};
		BEBB57EA214D924D002F777B /* Release */ = {
			isa = XCBuildConfiguration;
			buildSettings = {
				ALWAYS_EMBED_SWIFT_STANDARD_LIBRARIES = YES;
				BUNDLE_LOADER = "$(TEST_HOST)";
				CODE_SIGN_STYLE = Automatic;
				INFOPLIST_FILE = HackMIT2018Tests/Info.plist;
				LD_RUNPATH_SEARCH_PATHS = "$(inherited) @executable_path/Frameworks @loader_path/Frameworks";
				PRODUCT_BUNDLE_IDENTIFIER = MIT.HackMIT2018Tests;
				PRODUCT_NAME = "$(TARGET_NAME)";
				SWIFT_VERSION = 4.0;
				TARGETED_DEVICE_FAMILY = "1,2";
				TEST_HOST = "$(BUILT_PRODUCTS_DIR)/HackMIT2018.app/HackMIT2018";
			};
			name = Release;
		};
		BEBB57EC214D924D002F777B /* Debug */ = {
			isa = XCBuildConfiguration;
			buildSettings = {
				ALWAYS_EMBED_SWIFT_STANDARD_LIBRARIES = YES;
				CODE_SIGN_STYLE = Automatic;
				INFOPLIST_FILE = HackMIT2018UITests/Info.plist;
				LD_RUNPATH_SEARCH_PATHS = "$(inherited) @executable_path/Frameworks @loader_path/Frameworks";
				PRODUCT_BUNDLE_IDENTIFIER = MIT.HackMIT2018UITests;
				PRODUCT_NAME = "$(TARGET_NAME)";
				SWIFT_VERSION = 4.0;
				TARGETED_DEVICE_FAMILY = "1,2";
				TEST_TARGET_NAME = HackMIT2018;
			};
			name = Debug;
		};
		BEBB57ED214D924D002F777B /* Release */ = {
			isa = XCBuildConfiguration;
			buildSettings = {
				ALWAYS_EMBED_SWIFT_STANDARD_LIBRARIES = YES;
				CODE_SIGN_STYLE = Automatic;
				INFOPLIST_FILE = HackMIT2018UITests/Info.plist;
				LD_RUNPATH_SEARCH_PATHS = "$(inherited) @executable_path/Frameworks @loader_path/Frameworks";
				PRODUCT_BUNDLE_IDENTIFIER = MIT.HackMIT2018UITests;
				PRODUCT_NAME = "$(TARGET_NAME)";
				SWIFT_VERSION = 4.0;
				TARGETED_DEVICE_FAMILY = "1,2";
				TEST_TARGET_NAME = HackMIT2018;
			};
			name = Release;
		};
/* End XCBuildConfiguration section */

/* Begin XCConfigurationList section */
		BEBB57B8214D924D002F777B /* Build configuration list for PBXProject "HackMIT2018" */ = {
			isa = XCConfigurationList;
			buildConfigurations = (
				BEBB57E3214D924D002F777B /* Debug */,
				BEBB57E4214D924D002F777B /* Release */,
			);
			defaultConfigurationIsVisible = 0;
			defaultConfigurationName = Release;
		};
		BEBB57E5214D924D002F777B /* Build configuration list for PBXNativeTarget "HackMIT2018" */ = {
			isa = XCConfigurationList;
			buildConfigurations = (
				BEBB57E6214D924D002F777B /* Debug */,
				BEBB57E7214D924D002F777B /* Release */,
			);
			defaultConfigurationIsVisible = 0;
			defaultConfigurationName = Release;
		};
		BEBB57E8214D924D002F777B /* Build configuration list for PBXNativeTarget "HackMIT2018Tests" */ = {
			isa = XCConfigurationList;
			buildConfigurations = (
				BEBB57E9214D924D002F777B /* Debug */,
				BEBB57EA214D924D002F777B /* Release */,
			);
			defaultConfigurationIsVisible = 0;
			defaultConfigurationName = Release;
		};
		BEBB57EB214D924D002F777B /* Build configuration list for PBXNativeTarget "HackMIT2018UITests" */ = {
			isa = XCConfigurationList;
			buildConfigurations = (
				BEBB57EC214D924D002F777B /* Debug */,
				BEBB57ED214D924D002F777B /* Release */,
			);
			defaultConfigurationIsVisible = 0;
			defaultConfigurationName = Release;
		};
/* End XCConfigurationList section */
	};
	rootObject = BEBB57B5214D924D002F777B /* Project object */;
}
